
Microsoft Visual Studio Solution File, Format Version 12.00
# Visual Studio Version 17
VisualStudioVersion = 17.14.36301.6
MinimumVisualStudioVersion = 10.0.40219.1
Project("{FAE04EC0-301F-11D3-BF4B-00C04F79EFBC}") = "01_Types_And_Variables", "TypesAndVariables\01_Types_And_Variables.csproj", "{7DC38DA4-B729-486C-9526-76DB96A8F386}"
EndProject
Project("{FAE04EC0-301F-11D3-BF4B-00C04F79EFBC}") = "02_Conditionals", "Conditionals\02_Conditionals.csproj", "{1E8B8348-2E9F-4567-B2D2-214B6A57A2B0}"
EndProject
Project("{FAE04EC0-301F-11D3-BF4B-00C04F79EFBC}") = "03_Methods", "03_Methods\03_Methods.csproj", "{BFD79A2C-5180-47B9-8790-2B0830A16821}"
EndProject
Project("{FAE04EC0-301F-11D3-BF4B-00C04F79EFBC}") = "04_Arrays", "04_Arrays\04_Arrays.csproj", "{678D576C-9129-4EDE-9030-CD916FCFC000}"
EndProject
Project("{FAE04EC0-301F-11D3-BF4B-00C04F79EFBC}") = "05_Loops", "05_Loops\05_Loops.csproj", "{134BEDA5-AA5D-4F01-9B6C-33AD6B9151A1}"
EndProject
Project("{FAE04EC0-301F-11D3-BF4B-00C04F79EFBC}") = "06_Strings", "06_Strings\06_Strings.csproj", "{48904C3F-9C90-47FF-A5B5-560DF984715B}"
EndProject
Project("{FAE04EC0-301F-11D3-BF4B-00C04F79EFBC}") = "07_Classes", "07_Classes\07_Classes.csproj", "{31F15642-B327-4920-A816-19F1F5C27CA4}"
EndProject
Project("{2150E333-8FDC-42A3-9474-1A3956D46DE8}") = "Projects", "Projects", "{02EA681E-C7D8-13C7-8484-4AC65E1B71E8}"
EndProject
Project("{FAE04EC0-301F-11D3-BF4B-00C04F79EFBC}") = "01_RecapDemo", "01_RecapDemo\01_RecapDemo.csproj", "{5D3AA881-6772-4EA6-97E5-D67CC0085922}"
EndProject
Global
	GlobalSection(SolutionConfigurationPlatforms) = preSolution
		Debug|Any CPU = Debug|Any CPU
		Release|Any CPU = Release|Any CPU
	EndGlobalSection
	GlobalSection(ProjectConfigurationPlatforms) = postSolution
		{7DC38DA4-B729-486C-9526-76DB96A8F386}.Debug|Any CPU.ActiveCfg = Debug|Any CPU
		{7DC38DA4-B729-486C-9526-76DB96A8F386}.Debug|Any CPU.Build.0 = Debug|Any CPU
		{7DC38DA4-B729-486C-9526-76DB96A8F386}.Release|Any CPU.ActiveCfg = Release|Any CPU
		{7DC38DA4-B729-486C-9526-76DB96A8F386}.Release|Any CPU.Build.0 = Release|Any CPU
		{1E8B8348-2E9F-4567-B2D2-214B6A57A2B0}.Debug|Any CPU.ActiveCfg = Debug|Any CPU
		{1E8B8348-2E9F-4567-B2D2-214B6A57A2B0}.Debug|Any CPU.Build.0 = Debug|Any CPU
		{1E8B8348-2E9F-4567-B2D2-214B6A57A2B0}.Release|Any CPU.ActiveCfg = Release|Any CPU
		{1E8B8348-2E9F-4567-B2D2-214B6A57A2B0}.Release|Any CPU.Build.0 = Release|Any CPU
		{BFD79A2C-5180-47B9-8790-2B0830A16821}.Debug|Any CPU.ActiveCfg = Debug|Any CPU
		{BFD79A2C-5180-47B9-8790-2B0830A16821}.Debug|Any CPU.Build.0 = Debug|Any CPU
		{BFD79A2C-5180-47B9-8790-2B0830A16821}.Release|Any CPU.ActiveCfg = Release|Any CPU
		{BFD79A2C-5180-47B9-8790-2B0830A16821}.Release|Any CPU.Build.0 = Release|Any CPU
		{678D576C-9129-4EDE-9030-CD916FCFC000}.Debug|Any CPU.ActiveCfg = Debug|Any CPU
		{678D576C-9129-4EDE-9030-CD916FCFC000}.Debug|Any CPU.Build.0 = Debug|Any CPU
		{678D576C-9129-4EDE-9030-CD916FCFC000}.Release|Any CPU.ActiveCfg = Release|Any CPU
		{678D576C-9129-4EDE-9030-CD916FCFC000}.Release|Any CPU.Build.0 = Release|Any CPU
		{134BEDA5-AA5D-4F01-9B6C-33AD6B9151A1}.Debug|Any CPU.ActiveCfg = Debug|Any CPU
		{134BEDA5-AA5D-4F01-9B6C-33AD6B9151A1}.Debug|Any CPU.Build.0 = Debug|Any CPU
		{134BEDA5-AA5D-4F01-9B6C-33AD6B9151A1}.Release|Any CPU.ActiveCfg = Release|Any CPU
		{134BEDA5-AA5D-4F01-9B6C-33AD6B9151A1}.Release|Any CPU.Build.0 = Release|Any CPU
		{48904C3F-9C90-47FF-A5B5-560DF984715B}.Debug|Any CPU.ActiveCfg = Debug|Any CPU
		{48904C3F-9C90-47FF-A5B5-560DF984715B}.Debug|Any CPU.Build.0 = Debug|Any CPU
		{48904C3F-9C90-47FF-A5B5-560DF984715B}.Release|Any CPU.ActiveCfg = Release|Any CPU
		{48904C3F-9C90-47FF-A5B5-560DF984715B}.Release|Any CPU.Build.0 = Release|Any CPU
		{31F15642-B327-4920-A816-19F1F5C27CA4}.Debug|Any CPU.ActiveCfg = Debug|Any CPU
		{31F15642-B327-4920-A816-19F1F5C27CA4}.Debug|Any CPU.Build.0 = Debug|Any CPU
		{31F15642-B327-4920-A816-19F1F5C27CA4}.Release|Any CPU.ActiveCfg = Release|Any CPU
		{31F15642-B327-4920-A816-19F1F5C27CA4}.Release|Any CPU.Build.0 = Release|Any CPU
		{5D3AA881-6772-4EA6-97E5-D67CC0085922}.Debug|Any CPU.ActiveCfg = Debug|Any CPU
		{5D3AA881-6772-4EA6-97E5-D67CC0085922}.Debug|Any CPU.Build.0 = Debug|Any CPU
		{5D3AA881-6772-4EA6-97E5-D67CC0085922}.Release|Any CPU.ActiveCfg = Release|Any CPU
		{5D3AA881-6772-4EA6-97E5-D67CC0085922}.Release|Any CPU.Build.0 = Release|Any CPU
	EndGlobalSection
	GlobalSection(SolutionProperties) = preSolution
		HideSolutionNode = FALSE
	EndGlobalSection
	GlobalSection(NestedProjects) = preSolution
		{5D3AA881-6772-4EA6-97E5-D67CC0085922} = {02EA681E-C7D8-13C7-8484-4AC65E1B71E8}
	EndGlobalSection
	GlobalSection(ExtensibilityGlobals) = postSolution
		SolutionGuid = {FB625F4C-5AFD-4401-95D7-85A851BE0027}
	EndGlobalSection
EndGlobal
